
Microsoft Visual Studio Solution File, Format Version 12.00
# Visual Studio Version 17
VisualStudioVersion = 17.9.34728.123
MinimumVisualStudioVersion = 10.0.40219.1
Project("{FAE04EC0-301F-11D3-BF4B-00C04F79EFBC}") = "GD Classes", "GD Classes.csproj", "{F370C70D-2FF5-44FE-A3C0-1F2C74B492E8}"
EndProject
Global
	GlobalSection(SolutionConfigurationPlatforms) = preSolution
		Debug|Any CPU = Debug|Any CPU
		Release|Any CPU = Release|Any CPU
	EndGlobalSection
	GlobalSection(ProjectConfigurationPlatforms) = postSolution
		{F370C70D-2FF5-44FE-A3C0-1F2C74B492E8}.Debug|Any CPU.ActiveCfg = Debug|Any CPU
		{F370C70D-2FF5-44FE-A3C0-1F2C74B492E8}.Debug|Any CPU.Build.0 = Debug|Any CPU
		{F370C70D-2FF5-44FE-A3C0-1F2C74B492E8}.Release|Any CPU.ActiveCfg = Release|Any CPU
		{F370C70D-2FF5-44FE-A3C0-1F2C74B492E8}.Release|Any CPU.Build.0 = Release|Any CPU
	EndGlobalSection
	GlobalSection(SolutionProperties) = preSolution
		HideSolutionNode = FALSE
	EndGlobalSection
	GlobalSection(ExtensibilityGlobals) = postSolution
		SolutionGuid = {9B6366FF-D370-4FF8-9346-2A113F010667}
	EndGlobalSection
EndGlobal
